
Microsoft Visual Studio Solution File, Format Version 12.00
# Visual Studio Version 16
VisualStudioVersion = 16.0.29709.97
MinimumVisualStudioVersion = 10.0.40219.1
Project("{FAE04EC0-301F-11D3-BF4B-00C04F79EFBC}") = "PerformanceLoggerXamairn.Android", "PerformanceLoggerXamairn.Android\PerformanceLoggerXamairn.Android.csproj", "{DE698AC9-E9DC-4463-BA47-8E28949B6E7E}"
EndProject
Project("{FAE04EC0-301F-11D3-BF4B-00C04F79EFBC}") = "PerformanceLoggerXamairn.iOS", "PerformanceLoggerXamairn.iOS\PerformanceLoggerXamairn.iOS.csproj", "{9572CA4F-E764-4341-9034-F8B25E5CB2A5}"
EndProject
Project("{9A19103F-16F7-4668-BE54-9A1E7A4F7556}") = "PerformanceLoggerXamairn", "PerformanceLoggerXamairn\PerformanceLoggerXamairn.csproj", "{83320219-D484-4BBB-93A4-A591298ED3DB}"
EndProject
Project("{FAE04EC0-301F-11D3-BF4B-00C04F79EFBC}") = "LogcatOutputVsix", "LogcatOutput\LogcatOutputVsix.csproj", "{A5EE0C49-EB24-4F48-A797-8088679F13D2}"
EndProject
Project("{FAE04EC0-301F-11D3-BF4B-00C04F79EFBC}") = "Adb", "Adb\Adb.csproj", "{FD97FE9A-AF7B-48FF-895E-84C9B970748E}"
EndProject
Global
	GlobalSection(SolutionConfigurationPlatforms) = preSolution
		Debug|Any CPU = Debug|Any CPU
		Debug|ARM = Debug|ARM
		Debug|ARM64 = Debug|ARM64
		Debug|iPhone = Debug|iPhone
		Debug|iPhoneSimulator = Debug|iPhoneSimulator
		Debug|x64 = Debug|x64
		Debug|x86 = Debug|x86
		Release|Any CPU = Release|Any CPU
		Release|ARM = Release|ARM
		Release|ARM64 = Release|ARM64
		Release|iPhone = Release|iPhone
		Release|iPhoneSimulator = Release|iPhoneSimulator
		Release|x64 = Release|x64
		Release|x86 = Release|x86
	EndGlobalSection
	GlobalSection(ProjectConfigurationPlatforms) = postSolution
		{DE698AC9-E9DC-4463-BA47-8E28949B6E7E}.Debug|Any CPU.ActiveCfg = Debug|Any CPU
		{DE698AC9-E9DC-4463-BA47-8E28949B6E7E}.Debug|Any CPU.Build.0 = Debug|Any CPU
		{DE698AC9-E9DC-4463-BA47-8E28949B6E7E}.Debug|Any CPU.Deploy.0 = Debug|Any CPU
		{DE698AC9-E9DC-4463-BA47-8E28949B6E7E}.Debug|ARM.ActiveCfg = Debug|Any CPU
		{DE698AC9-E9DC-4463-BA47-8E28949B6E7E}.Debug|ARM.Build.0 = Debug|Any CPU
		{DE698AC9-E9DC-4463-BA47-8E28949B6E7E}.Debug|ARM.Deploy.0 = Debug|Any CPU
		{DE698AC9-E9DC-4463-BA47-8E28949B6E7E}.Debug|ARM64.ActiveCfg = Debug|Any CPU
		{DE698AC9-E9DC-4463-BA47-8E28949B6E7E}.Debug|ARM64.Build.0 = Debug|Any CPU
		{DE698AC9-E9DC-4463-BA47-8E28949B6E7E}.Debug|ARM64.Deploy.0 = Debug|Any CPU
		{DE698AC9-E9DC-4463-BA47-8E28949B6E7E}.Debug|iPhone.ActiveCfg = Debug|Any CPU
		{DE698AC9-E9DC-4463-BA47-8E28949B6E7E}.Debug|iPhone.Build.0 = Debug|Any CPU
		{DE698AC9-E9DC-4463-BA47-8E28949B6E7E}.Debug|iPhone.Deploy.0 = Debug|Any CPU
		{DE698AC9-E9DC-4463-BA47-8E28949B6E7E}.Debug|iPhoneSimulator.ActiveCfg = Debug|Any CPU
		{DE698AC9-E9DC-4463-BA47-8E28949B6E7E}.Debug|iPhoneSimulator.Build.0 = Debug|Any CPU
		{DE698AC9-E9DC-4463-BA47-8E28949B6E7E}.Debug|iPhoneSimulator.Deploy.0 = Debug|Any CPU
		{DE698AC9-E9DC-4463-BA47-8E28949B6E7E}.Debug|x64.ActiveCfg = Debug|Any CPU
		{DE698AC9-E9DC-4463-BA47-8E28949B6E7E}.Debug|x64.Build.0 = Debug|Any CPU
		{DE698AC9-E9DC-4463-BA47-8E28949B6E7E}.Debug|x64.Deploy.0 = Debug|Any CPU
		{DE698AC9-E9DC-4463-BA47-8E28949B6E7E}.Debug|x86.ActiveCfg = Debug|Any CPU
		{DE698AC9-E9DC-4463-BA47-8E28949B6E7E}.Debug|x86.Build.0 = Debug|Any CPU
		{DE698AC9-E9DC-4463-BA47-8E28949B6E7E}.Debug|x86.Deploy.0 = Debug|Any CPU
		{DE698AC9-E9DC-4463-BA47-8E28949B6E7E}.Release|Any CPU.ActiveCfg = Release|Any CPU
		{DE698AC9-E9DC-4463-BA47-8E28949B6E7E}.Release|Any CPU.Build.0 = Release|Any CPU
		{DE698AC9-E9DC-4463-BA47-8E28949B6E7E}.Release|Any CPU.Deploy.0 = Release|Any CPU
		{DE698AC9-E9DC-4463-BA47-8E28949B6E7E}.Release|ARM.ActiveCfg = Release|Any CPU
		{DE698AC9-E9DC-4463-BA47-8E28949B6E7E}.Release|ARM.Build.0 = Release|Any CPU
		{DE698AC9-E9DC-4463-BA47-8E28949B6E7E}.Release|ARM.Deploy.0 = Release|Any CPU
		{DE698AC9-E9DC-4463-BA47-8E28949B6E7E}.Release|ARM64.ActiveCfg = Release|Any CPU
		{DE698AC9-E9DC-4463-BA47-8E28949B6E7E}.Release|ARM64.Build.0 = Release|Any CPU
		{DE698AC9-E9DC-4463-BA47-8E28949B6E7E}.Release|ARM64.Deploy.0 = Release|Any CPU
		{DE698AC9-E9DC-4463-BA47-8E28949B6E7E}.Release|iPhone.ActiveCfg = Release|Any CPU
		{DE698AC9-E9DC-4463-BA47-8E28949B6E7E}.Release|iPhone.Build.0 = Release|Any CPU
		{DE698AC9-E9DC-4463-BA47-8E28949B6E7E}.Release|iPhone.Deploy.0 = Release|Any CPU
		{DE698AC9-E9DC-4463-BA47-8E28949B6E7E}.Release|iPhoneSimulator.ActiveCfg = Release|Any CPU
		{DE698AC9-E9DC-4463-BA47-8E28949B6E7E}.Release|iPhoneSimulator.Build.0 = Release|Any CPU
		{DE698AC9-E9DC-4463-BA47-8E28949B6E7E}.Release|iPhoneSimulator.Deploy.0 = Release|Any CPU
		{DE698AC9-E9DC-4463-BA47-8E28949B6E7E}.Release|x64.ActiveCfg = Release|Any CPU
		{DE698AC9-E9DC-4463-BA47-8E28949B6E7E}.Release|x64.Build.0 = Release|Any CPU
		{DE698AC9-E9DC-4463-BA47-8E28949B6E7E}.Release|x64.Deploy.0 = Release|Any CPU
		{DE698AC9-E9DC-4463-BA47-8E28949B6E7E}.Release|x86.ActiveCfg = Release|Any CPU
		{DE698AC9-E9DC-4463-BA47-8E28949B6E7E}.Release|x86.Build.0 = Release|Any CPU
		{DE698AC9-E9DC-4463-BA47-8E28949B6E7E}.Release|x86.Deploy.0 = Release|Any CPU
		{9572CA4F-E764-4341-9034-F8B25E5CB2A5}.Debug|Any CPU.ActiveCfg = Debug|iPhoneSimulator
		{9572CA4F-E764-4341-9034-F8B25E5CB2A5}.Debug|Any CPU.Build.0 = Debug|iPhoneSimulator
		{9572CA4F-E764-4341-9034-F8B25E5CB2A5}.Debug|Any CPU.Deploy.0 = Debug|iPhoneSimulator
		{9572CA4F-E764-4341-9034-F8B25E5CB2A5}.Debug|ARM.ActiveCfg = Debug|iPhone
		{9572CA4F-E764-4341-9034-F8B25E5CB2A5}.Debug|ARM64.ActiveCfg = Debug|iPhone
		{9572CA4F-E764-4341-9034-F8B25E5CB2A5}.Debug|iPhone.ActiveCfg = Debug|iPhone
		{9572CA4F-E764-4341-9034-F8B25E5CB2A5}.Debug|iPhone.Build.0 = Debug|iPhone
		{9572CA4F-E764-4341-9034-F8B25E5CB2A5}.Debug|iPhone.Deploy.0 = Debug|iPhone
		{9572CA4F-E764-4341-9034-F8B25E5CB2A5}.Debug|iPhoneSimulator.ActiveCfg = Debug|iPhoneSimulator
		{9572CA4F-E764-4341-9034-F8B25E5CB2A5}.Debug|iPhoneSimulator.Build.0 = Debug|iPhoneSimulator
		{9572CA4F-E764-4341-9034-F8B25E5CB2A5}.Debug|iPhoneSimulator.Deploy.0 = Debug|iPhoneSimulator
		{9572CA4F-E764-4341-9034-F8B25E5CB2A5}.Debug|x64.ActiveCfg = Debug|iPhone
		{9572CA4F-E764-4341-9034-F8B25E5CB2A5}.Debug|x86.ActiveCfg = Debug|iPhone
		{9572CA4F-E764-4341-9034-F8B25E5CB2A5}.Release|Any CPU.ActiveCfg = Release|iPhone
		{9572CA4F-E764-4341-9034-F8B25E5CB2A5}.Release|Any CPU.Build.0 = Release|iPhone
		{9572CA4F-E764-4341-9034-F8B25E5CB2A5}.Release|Any CPU.Deploy.0 = Release|iPhone
		{9572CA4F-E764-4341-9034-F8B25E5CB2A5}.Release|ARM.ActiveCfg = Release|iPhone
		{9572CA4F-E764-4341-9034-F8B25E5CB2A5}.Release|ARM64.ActiveCfg = Release|iPhone
		{9572CA4F-E764-4341-9034-F8B25E5CB2A5}.Release|iPhone.ActiveCfg = Release|iPhone
		{9572CA4F-E764-4341-9034-F8B25E5CB2A5}.Release|iPhone.Build.0 = Release|iPhone
		{9572CA4F-E764-4341-9034-F8B25E5CB2A5}.Release|iPhone.Deploy.0 = Release|iPhone
		{9572CA4F-E764-4341-9034-F8B25E5CB2A5}.Release|iPhoneSimulator.ActiveCfg = Release|iPhoneSimulator
		{9572CA4F-E764-4341-9034-F8B25E5CB2A5}.Release|iPhoneSimulator.Build.0 = Release|iPhoneSimulator
		{9572CA4F-E764-4341-9034-F8B25E5CB2A5}.Release|iPhoneSimulator.Deploy.0 = Release|iPhoneSimulator
		{9572CA4F-E764-4341-9034-F8B25E5CB2A5}.Release|x64.ActiveCfg = Release|iPhone
		{9572CA4F-E764-4341-9034-F8B25E5CB2A5}.Release|x86.ActiveCfg = Release|iPhone
		{83320219-D484-4BBB-93A4-A591298ED3DB}.Debug|Any CPU.ActiveCfg = Debug|Any CPU
		{83320219-D484-4BBB-93A4-A591298ED3DB}.Debug|Any CPU.Build.0 = Debug|Any CPU
		{83320219-D484-4BBB-93A4-A591298ED3DB}.Debug|Any CPU.Deploy.0 = Debug|Any CPU
		{83320219-D484-4BBB-93A4-A591298ED3DB}.Debug|ARM.ActiveCfg = Debug|Any CPU
		{83320219-D484-4BBB-93A4-A591298ED3DB}.Debug|ARM.Build.0 = Debug|Any CPU
		{83320219-D484-4BBB-93A4-A591298ED3DB}.Debug|ARM64.ActiveCfg = Debug|Any CPU
		{83320219-D484-4BBB-93A4-A591298ED3DB}.Debug|ARM64.Build.0 = Debug|Any CPU
		{83320219-D484-4BBB-93A4-A591298ED3DB}.Debug|iPhone.ActiveCfg = Debug|Any CPU
		{83320219-D484-4BBB-93A4-A591298ED3DB}.Debug|iPhone.Build.0 = Debug|Any CPU
		{83320219-D484-4BBB-93A4-A591298ED3DB}.Debug|iPhone.Deploy.0 = Debug|Any CPU
		{83320219-D484-4BBB-93A4-A591298ED3DB}.Debug|iPhoneSimulator.ActiveCfg = Debug|Any CPU
		{83320219-D484-4BBB-93A4-A591298ED3DB}.Debug|iPhoneSimulator.Build.0 = Debug|Any CPU
		{83320219-D484-4BBB-93A4-A591298ED3DB}.Debug|iPhoneSimulator.Deploy.0 = Debug|Any CPU
		{83320219-D484-4BBB-93A4-A591298ED3DB}.Debug|x64.ActiveCfg = Debug|Any CPU
		{83320219-D484-4BBB-93A4-A591298ED3DB}.Debug|x64.Build.0 = Debug|Any CPU
		{83320219-D484-4BBB-93A4-A591298ED3DB}.Debug|x86.ActiveCfg = Debug|Any CPU
		{83320219-D484-4BBB-93A4-A591298ED3DB}.Debug|x86.Build.0 = Debug|Any CPU
		{83320219-D484-4BBB-93A4-A591298ED3DB}.Release|Any CPU.ActiveCfg = Release|Any CPU
		{83320219-D484-4BBB-93A4-A591298ED3DB}.Release|Any CPU.Build.0 = Release|Any CPU
		{83320219-D484-4BBB-93A4-A591298ED3DB}.Release|Any CPU.Deploy.0 = Release|Any CPU
		{83320219-D484-4BBB-93A4-A591298ED3DB}.Release|ARM.ActiveCfg = Release|Any CPU
		{83320219-D484-4BBB-93A4-A591298ED3DB}.Release|ARM.Build.0 = Release|Any CPU
		{83320219-D484-4BBB-93A4-A591298ED3DB}.Release|ARM64.ActiveCfg = Release|Any CPU
		{83320219-D484-4BBB-93A4-A591298ED3DB}.Release|ARM64.Build.0 = Release|Any CPU
		{83320219-D484-4BBB-93A4-A591298ED3DB}.Release|iPhone.ActiveCfg = Release|Any CPU
		{83320219-D484-4BBB-93A4-A591298ED3DB}.Release|iPhone.Build.0 = Release|Any CPU
		{83320219-D484-4BBB-93A4-A591298ED3DB}.Release|iPhone.Deploy.0 = Release|Any CPU
		{83320219-D484-4BBB-93A4-A591298ED3DB}.Release|iPhoneSimulator.ActiveCfg = Release|Any CPU
		{83320219-D484-4BBB-93A4-A591298ED3DB}.Release|iPhoneSimulator.Build.0 = Release|Any CPU
		{83320219-D484-4BBB-93A4-A591298ED3DB}.Release|iPhoneSimulator.Deploy.0 = Release|Any CPU
		{83320219-D484-4BBB-93A4-A591298ED3DB}.Release|x64.ActiveCfg = Release|Any CPU
		{83320219-D484-4BBB-93A4-A591298ED3DB}.Release|x64.Build.0 = Release|Any CPU
		{83320219-D484-4BBB-93A4-A591298ED3DB}.Release|x86.ActiveCfg = Release|Any CPU
		{83320219-D484-4BBB-93A4-A591298ED3DB}.Release|x86.Build.0 = Release|Any CPU
		{A5EE0C49-EB24-4F48-A797-8088679F13D2}.Debug|Any CPU.ActiveCfg = Debug|Any CPU
		{A5EE0C49-EB24-4F48-A797-8088679F13D2}.Debug|Any CPU.Build.0 = Debug|Any CPU
		{A5EE0C49-EB24-4F48-A797-8088679F13D2}.Debug|ARM.ActiveCfg = Debug|Any CPU
		{A5EE0C49-EB24-4F48-A797-8088679F13D2}.Debug|ARM.Build.0 = Debug|Any CPU
		{A5EE0C49-EB24-4F48-A797-8088679F13D2}.Debug|ARM64.ActiveCfg = Debug|Any CPU
		{A5EE0C49-EB24-4F48-A797-8088679F13D2}.Debug|ARM64.Build.0 = Debug|Any CPU
		{A5EE0C49-EB24-4F48-A797-8088679F13D2}.Debug|iPhone.ActiveCfg = Debug|Any CPU
		{A5EE0C49-EB24-4F48-A797-8088679F13D2}.Debug|iPhone.Build.0 = Debug|Any CPU
		{A5EE0C49-EB24-4F48-A797-8088679F13D2}.Debug|iPhoneSimulator.ActiveCfg = Debug|Any CPU
		{A5EE0C49-EB24-4F48-A797-8088679F13D2}.Debug|iPhoneSimulator.Build.0 = Debug|Any CPU
		{A5EE0C49-EB24-4F48-A797-8088679F13D2}.Debug|x64.ActiveCfg = Debug|Any CPU
		{A5EE0C49-EB24-4F48-A797-8088679F13D2}.Debug|x64.Build.0 = Debug|Any CPU
		{A5EE0C49-EB24-4F48-A797-8088679F13D2}.Debug|x86.ActiveCfg = Debug|Any CPU
		{A5EE0C49-EB24-4F48-A797-8088679F13D2}.Debug|x86.Build.0 = Debug|Any CPU
		{A5EE0C49-EB24-4F48-A797-8088679F13D2}.Release|Any CPU.ActiveCfg = Release|Any CPU
		{A5EE0C49-EB24-4F48-A797-8088679F13D2}.Release|Any CPU.Build.0 = Release|Any CPU
		{A5EE0C49-EB24-4F48-A797-8088679F13D2}.Release|ARM.ActiveCfg = Release|Any CPU
		{A5EE0C49-EB24-4F48-A797-8088679F13D2}.Release|ARM.Build.0 = Release|Any CPU
		{A5EE0C49-EB24-4F48-A797-8088679F13D2}.Release|ARM64.ActiveCfg = Release|Any CPU
		{A5EE0C49-EB24-4F48-A797-8088679F13D2}.Release|ARM64.Build.0 = Release|Any CPU
		{A5EE0C49-EB24-4F48-A797-8088679F13D2}.Release|iPhone.ActiveCfg = Release|Any CPU
		{A5EE0C49-EB24-4F48-A797-8088679F13D2}.Release|iPhone.Build.0 = Release|Any CPU
		{A5EE0C49-EB24-4F48-A797-8088679F13D2}.Release|iPhoneSimulator.ActiveCfg = Release|Any CPU
		{A5EE0C49-EB24-4F48-A797-8088679F13D2}.Release|iPhoneSimulator.Build.0 = Release|Any CPU
		{A5EE0C49-EB24-4F48-A797-8088679F13D2}.Release|x64.ActiveCfg = Release|Any CPU
		{A5EE0C49-EB24-4F48-A797-8088679F13D2}.Release|x64.Build.0 = Release|Any CPU
		{A5EE0C49-EB24-4F48-A797-8088679F13D2}.Release|x86.ActiveCfg = Release|Any CPU
		{A5EE0C49-EB24-4F48-A797-8088679F13D2}.Release|x86.Build.0 = Release|Any CPU
		{FD97FE9A-AF7B-48FF-895E-84C9B970748E}.Debug|Any CPU.ActiveCfg = Debug|Any CPU
		{FD97FE9A-AF7B-48FF-895E-84C9B970748E}.Debug|Any CPU.Build.0 = Debug|Any CPU
		{FD97FE9A-AF7B-48FF-895E-84C9B970748E}.Debug|ARM.ActiveCfg = Debug|Any CPU
		{FD97FE9A-AF7B-48FF-895E-84C9B970748E}.Debug|ARM.Build.0 = Debug|Any CPU
		{FD97FE9A-AF7B-48FF-895E-84C9B970748E}.Debug|ARM64.ActiveCfg = Debug|Any CPU
		{FD97FE9A-AF7B-48FF-895E-84C9B970748E}.Debug|ARM64.Build.0 = Debug|Any CPU
		{FD97FE9A-AF7B-48FF-895E-84C9B970748E}.Debug|iPhone.ActiveCfg = Debug|Any CPU
		{FD97FE9A-AF7B-48FF-895E-84C9B970748E}.Debug|iPhone.Build.0 = Debug|Any CPU
		{FD97FE9A-AF7B-48FF-895E-84C9B970748E}.Debug|iPhoneSimulator.ActiveCfg = Debug|Any CPU
		{FD97FE9A-AF7B-48FF-895E-84C9B970748E}.Debug|iPhoneSimulator.Build.0 = Debug|Any CPU
		{FD97FE9A-AF7B-48FF-895E-84C9B970748E}.Debug|x64.ActiveCfg = Debug|Any CPU
		{FD97FE9A-AF7B-48FF-895E-84C9B970748E}.Debug|x64.Build.0 = Debug|Any CPU
		{FD97FE9A-AF7B-48FF-895E-84C9B970748E}.Debug|x86.ActiveCfg = Debug|Any CPU
		{FD97FE9A-AF7B-48FF-895E-84C9B970748E}.Debug|x86.Build.0 = Debug|Any CPU
		{FD97FE9A-AF7B-48FF-895E-84C9B970748E}.Release|Any CPU.ActiveCfg = Release|Any CPU
		{FD97FE9A-AF7B-48FF-895E-84C9B970748E}.Release|Any CPU.Build.0 = Release|Any CPU
		{FD97FE9A-AF7B-48FF-895E-84C9B970748E}.Release|ARM.ActiveCfg = Release|Any CPU
		{FD97FE9A-AF7B-48FF-895E-84C9B970748E}.Release|ARM.Build.0 = Release|Any CPU
		{FD97FE9A-AF7B-48FF-895E-84C9B970748E}.Release|ARM64.ActiveCfg = Release|Any CPU
		{FD97FE9A-AF7B-48FF-895E-84C9B970748E}.Release|ARM64.Build.0 = Release|Any CPU
		{FD97FE9A-AF7B-48FF-895E-84C9B970748E}.Release|iPhone.ActiveCfg = Release|Any CPU
		{FD97FE9A-AF7B-48FF-895E-84C9B970748E}.Release|iPhone.Build.0 = Release|Any CPU
		{FD97FE9A-AF7B-48FF-895E-84C9B970748E}.Release|iPhoneSimulator.ActiveCfg = Release|Any CPU
		{FD97FE9A-AF7B-48FF-895E-84C9B970748E}.Release|iPhoneSimulator.Build.0 = Release|Any CPU
		{FD97FE9A-AF7B-48FF-895E-84C9B970748E}.Release|x64.ActiveCfg = Release|Any CPU
		{FD97FE9A-AF7B-48FF-895E-84C9B970748E}.Release|x64.Build.0 = Release|Any CPU
		{FD97FE9A-AF7B-48FF-895E-84C9B970748E}.Release|x86.ActiveCfg = Release|Any CPU
		{FD97FE9A-AF7B-48FF-895E-84C9B970748E}.Release|x86.Build.0 = Release|Any CPU
	EndGlobalSection
	GlobalSection(SolutionProperties) = preSolution
		HideSolutionNode = FALSE
	EndGlobalSection
	GlobalSection(ExtensibilityGlobals) = postSolution
		SolutionGuid = {A1E81EF1-1CE0-43A2-9BA0-7E76E34E74F5}
	EndGlobalSection
EndGlobal
